// !$*UTF8*$!
{
	archiveVersion = 1;
	classes = {
	};
	objectVersion = 56;
	objects = {

/* Begin PBXBuildFile section */
		3793454D29C4F49200376A17 /* SettingsViewController.swift in Sources */ = {isa = PBXBuildFile; fileRef = 3793454C29C4F49200376A17 /* SettingsViewController.swift */; };
		3793455029C9373300376A17 /* SettingCell.swift in Sources */ = {isa = PBXBuildFile; fileRef = 3793454F29C9373300376A17 /* SettingCell.swift */; };
		3793455229C9374E00376A17 /* NavigationCell.swift in Sources */ = {isa = PBXBuildFile; fileRef = 3793455129C9374E00376A17 /* NavigationCell.swift */; };
		3793455629C937BE00376A17 /* SwitchCell.swift in Sources */ = {isa = PBXBuildFile; fileRef = 3793455529C937BE00376A17 /* SwitchCell.swift */; };
		3793455829C93B9000376A17 /* ButtonCell.swift in Sources */ = {isa = PBXBuildFile; fileRef = 3793455729C93B9000376A17 /* ButtonCell.swift */; };
		3793455A29CA794C00376A17 /* EmailVerifyViewController.swift in Sources */ = {isa = PBXBuildFile; fileRef = 3793455929CA794C00376A17 /* EmailVerifyViewController.swift */; };
		3793455C29CCB30F00376A17 /* UIFont+Extensions.swift in Sources */ = {isa = PBXBuildFile; fileRef = 3793455B29CCB30F00376A17 /* UIFont+Extensions.swift */; };
		3793455E29CCBE4200376A17 /* PasswordResetViewController.swift in Sources */ = {isa = PBXBuildFile; fileRef = 3793455D29CCBE4200376A17 /* PasswordResetViewController.swift */; };
		37B4C07C29C273E100EDB4E5 /* AppDelegate.swift in Sources */ = {isa = PBXBuildFile; fileRef = 37B4C07B29C273E100EDB4E5 /* AppDelegate.swift */; };
		37B4C07E29C273E100EDB4E5 /* SceneDelegate.swift in Sources */ = {isa = PBXBuildFile; fileRef = 37B4C07D29C273E100EDB4E5 /* SceneDelegate.swift */; };
		37B4C08329C273E100EDB4E5 /* Main.storyboard in Resources */ = {isa = PBXBuildFile; fileRef = 37B4C08129C273E100EDB4E5 /* Main.storyboard */; };
		37B4C08529C273E300EDB4E5 /* Assets.xcassets in Resources */ = {isa = PBXBuildFile; fileRef = 37B4C08429C273E300EDB4E5 /* Assets.xcassets */; };
		37B4C08829C273E300EDB4E5 /* LaunchScreen.storyboard in Resources */ = {isa = PBXBuildFile; fileRef = 37B4C08629C273E300EDB4E5 /* LaunchScreen.storyboard */; };
		37B4C09029C2754E00EDB4E5 /* GoogleService-Info.plist in Resources */ = {isa = PBXBuildFile; fileRef = 37B4C08F29C2754E00EDB4E5 /* GoogleService-Info.plist */; };
		37B4C09329C278B100EDB4E5 /* FirebaseAuth in Frameworks */ = {isa = PBXBuildFile; productRef = 37B4C09229C278B100EDB4E5 /* FirebaseAuth */; };
		37B4C09529C278B100EDB4E5 /* FirebaseDatabase in Frameworks */ = {isa = PBXBuildFile; productRef = 37B4C09429C278B100EDB4E5 /* FirebaseDatabase */; };
		37B4C09729C27F4100EDB4E5 /* LoginViewController.swift in Sources */ = {isa = PBXBuildFile; fileRef = 37B4C09629C27F4100EDB4E5 /* LoginViewController.swift */; };
		37B4C09929C34B3300EDB4E5 /* RegisterViewController.swift in Sources */ = {isa = PBXBuildFile; fileRef = 37B4C09829C34B3300EDB4E5 /* RegisterViewController.swift */; };
		37B4C09B29C3D14400EDB4E5 /* UIViewController+Extensions.swift in Sources */ = {isa = PBXBuildFile; fileRef = 37B4C09A29C3D14400EDB4E5 /* UIViewController+Extensions.swift */; };
		37B4C09D29C3DA6C00EDB4E5 /* MainViewController.swift in Sources */ = {isa = PBXBuildFile; fileRef = 37B4C09C29C3DA6C00EDB4E5 /* MainViewController.swift */; };
/* End PBXBuildFile section */

/* Begin PBXFileReference section */
		3793454C29C4F49200376A17 /* SettingsViewController.swift */ = {isa = PBXFileReference; lastKnownFileType = sourcecode.swift; path = SettingsViewController.swift; sourceTree = "<group>"; };
		3793454F29C9373300376A17 /* SettingCell.swift */ = {isa = PBXFileReference; lastKnownFileType = sourcecode.swift; path = SettingCell.swift; sourceTree = "<group>"; };
		3793455129C9374E00376A17 /* NavigationCell.swift */ = {isa = PBXFileReference; lastKnownFileType = sourcecode.swift; path = NavigationCell.swift; sourceTree = "<group>"; };
		3793455529C937BE00376A17 /* SwitchCell.swift */ = {isa = PBXFileReference; lastKnownFileType = sourcecode.swift; path = SwitchCell.swift; sourceTree = "<group>"; };
		3793455729C93B9000376A17 /* ButtonCell.swift */ = {isa = PBXFileReference; lastKnownFileType = sourcecode.swift; path = ButtonCell.swift; sourceTree = "<group>"; };
		3793455929CA794C00376A17 /* EmailVerifyViewController.swift */ = {isa = PBXFileReference; lastKnownFileType = sourcecode.swift; path = EmailVerifyViewController.swift; sourceTree = "<group>"; };
		3793455B29CCB30F00376A17 /* UIFont+Extensions.swift */ = {isa = PBXFileReference; lastKnownFileType = sourcecode.swift; path = "UIFont+Extensions.swift"; sourceTree = "<group>"; };
		3793455D29CCBE4200376A17 /* PasswordResetViewController.swift */ = {isa = PBXFileReference; lastKnownFileType = sourcecode.swift; path = PasswordResetViewController.swift; sourceTree = "<group>"; };
		37B4C07829C273E100EDB4E5 /* FirebaseLoginChat.app */ = {isa = PBXFileReference; explicitFileType = wrapper.application; includeInIndex = 0; path = FirebaseLoginChat.app; sourceTree = BUILT_PRODUCTS_DIR; };
		37B4C07B29C273E100EDB4E5 /* AppDelegate.swift */ = {isa = PBXFileReference; lastKnownFileType = sourcecode.swift; path = AppDelegate.swift; sourceTree = "<group>"; };
		37B4C07D29C273E100EDB4E5 /* SceneDelegate.swift */ = {isa = PBXFileReference; lastKnownFileType = sourcecode.swift; path = SceneDelegate.swift; sourceTree = "<group>"; };
		37B4C08229C273E100EDB4E5 /* Base */ = {isa = PBXFileReference; lastKnownFileType = file.storyboard; name = Base; path = Base.lproj/Main.storyboard; sourceTree = "<group>"; };
		37B4C08429C273E300EDB4E5 /* Assets.xcassets */ = {isa = PBXFileReference; lastKnownFileType = folder.assetcatalog; path = Assets.xcassets; sourceTree = "<group>"; };
		37B4C08729C273E300EDB4E5 /* Base */ = {isa = PBXFileReference; lastKnownFileType = file.storyboard; name = Base; path = Base.lproj/LaunchScreen.storyboard; sourceTree = "<group>"; };
		37B4C08929C273E300EDB4E5 /* Info.plist */ = {isa = PBXFileReference; lastKnownFileType = text.plist.xml; path = Info.plist; sourceTree = "<group>"; };
		37B4C08F29C2754E00EDB4E5 /* GoogleService-Info.plist */ = {isa = PBXFileReference; fileEncoding = 4; lastKnownFileType = text.plist.xml; path = "GoogleService-Info.plist"; sourceTree = "<group>"; };
		37B4C09629C27F4100EDB4E5 /* LoginViewController.swift */ = {isa = PBXFileReference; lastKnownFileType = sourcecode.swift; path = LoginViewController.swift; sourceTree = "<group>"; };
		37B4C09829C34B3300EDB4E5 /* RegisterViewController.swift */ = {isa = PBXFileReference; lastKnownFileType = sourcecode.swift; path = RegisterViewController.swift; sourceTree = "<group>"; };
		37B4C09A29C3D14400EDB4E5 /* UIViewController+Extensions.swift */ = {isa = PBXFileReference; lastKnownFileType = sourcecode.swift; path = "UIViewController+Extensions.swift"; sourceTree = "<group>"; };
		37B4C09C29C3DA6C00EDB4E5 /* MainViewController.swift */ = {isa = PBXFileReference; lastKnownFileType = sourcecode.swift; path = MainViewController.swift; sourceTree = "<group>"; };
/* End PBXFileReference section */

/* Begin PBXFrameworksBuildPhase section */
		37B4C07529C273E100EDB4E5 /* Frameworks */ = {
			isa = PBXFrameworksBuildPhase;
			buildActionMask = 2147483647;
			files = (
				37B4C09529C278B100EDB4E5 /* FirebaseDatabase in Frameworks */,
				37B4C09329C278B100EDB4E5 /* FirebaseAuth in Frameworks */,
			);
			runOnlyForDeploymentPostprocessing = 0;
		};
/* End PBXFrameworksBuildPhase section */

/* Begin PBXGroup section */
		3793454E29C9371700376A17 /* SettingCells */ = {
			isa = PBXGroup;
			children = (
				3793454F29C9373300376A17 /* SettingCell.swift */,
				3793455129C9374E00376A17 /* NavigationCell.swift */,
				3793455529C937BE00376A17 /* SwitchCell.swift */,
				3793455729C93B9000376A17 /* ButtonCell.swift */,
			);
			path = SettingCells;
			sourceTree = "<group>";
		};
		37B4C06F29C273E100EDB4E5 = {
			isa = PBXGroup;
			children = (
				37B4C07A29C273E100EDB4E5 /* FirebaseLoginChat */,
				37B4C07929C273E100EDB4E5 /* Products */,
			);
			sourceTree = "<group>";
		};
		37B4C07929C273E100EDB4E5 /* Products */ = {
			isa = PBXGroup;
			children = (
				37B4C07829C273E100EDB4E5 /* FirebaseLoginChat.app */,
			);
			name = Products;
			sourceTree = "<group>";
		};
		37B4C07A29C273E100EDB4E5 /* FirebaseLoginChat */ = {
			isa = PBXGroup;
			children = (
				3793454E29C9371700376A17 /* SettingCells */,
				37B4C07B29C273E100EDB4E5 /* AppDelegate.swift */,
				37B4C07D29C273E100EDB4E5 /* SceneDelegate.swift */,
				37B4C08129C273E100EDB4E5 /* Main.storyboard */,
				37B4C08429C273E300EDB4E5 /* Assets.xcassets */,
				37B4C08629C273E300EDB4E5 /* LaunchScreen.storyboard */,
				37B4C08929C273E300EDB4E5 /* Info.plist */,
				37B4C08F29C2754E00EDB4E5 /* GoogleService-Info.plist */,
				37B4C09629C27F4100EDB4E5 /* LoginViewController.swift */,
				37B4C09829C34B3300EDB4E5 /* RegisterViewController.swift */,
				37B4C09A29C3D14400EDB4E5 /* UIViewController+Extensions.swift */,
				37B4C09C29C3DA6C00EDB4E5 /* MainViewController.swift */,
				3793454C29C4F49200376A17 /* SettingsViewController.swift */,
				3793455929CA794C00376A17 /* EmailVerifyViewController.swift */,
				3793455B29CCB30F00376A17 /* UIFont+Extensions.swift */,
				3793455D29CCBE4200376A17 /* PasswordResetViewController.swift */,
			);
			path = FirebaseLoginChat;
			sourceTree = "<group>";
		};
/* End PBXGroup section */

/* Begin PBXNativeTarget section */
		37B4C07729C273E100EDB4E5 /* FirebaseLoginChat */ = {
			isa = PBXNativeTarget;
			buildConfigurationList = 37B4C08C29C273E300EDB4E5 /* Build configuration list for PBXNativeTarget "FirebaseLoginChat" */;
			buildPhases = (
				37B4C07429C273E100EDB4E5 /* Sources */,
				37B4C07529C273E100EDB4E5 /* Frameworks */,
				37B4C07629C273E100EDB4E5 /* Resources */,
			);
			buildRules = (
			);
			dependencies = (
			);
			name = FirebaseLoginChat;
			packageProductDependencies = (
				37B4C09229C278B100EDB4E5 /* FirebaseAuth */,
				37B4C09429C278B100EDB4E5 /* FirebaseDatabase */,
			);
			productName = FirebaseLoginChat;
			productReference = 37B4C07829C273E100EDB4E5 /* FirebaseLoginChat.app */;
			productType = "com.apple.product-type.application";
		};
/* End PBXNativeTarget section */

/* Begin PBXProject section */
		37B4C07029C273E100EDB4E5 /* Project object */ = {
			isa = PBXProject;
			attributes = {
				BuildIndependentTargetsInParallel = 1;
				LastSwiftUpdateCheck = 1420;
				LastUpgradeCheck = 1420;
				TargetAttributes = {
					37B4C07729C273E100EDB4E5 = {
						CreatedOnToolsVersion = 14.2;
					};
				};
			};
			buildConfigurationList = 37B4C07329C273E100EDB4E5 /* Build configuration list for PBXProject "FirebaseLoginChat" */;
			compatibilityVersion = "Xcode 14.0";
			developmentRegion = en;
			hasScannedForEncodings = 0;
			knownRegions = (
				en,
				Base,
			);
			mainGroup = 37B4C06F29C273E100EDB4E5;
			packageReferences = (
				37B4C09129C278B100EDB4E5 /* XCRemoteSwiftPackageReference "firebase-ios-sdk" */,
			);
			productRefGroup = 37B4C07929C273E100EDB4E5 /* Products */;
			projectDirPath = "";
			projectRoot = "";
			targets = (
				37B4C07729C273E100EDB4E5 /* FirebaseLoginChat */,
			);
		};
/* End PBXProject section */

/* Begin PBXResourcesBuildPhase section */
		37B4C07629C273E100EDB4E5 /* Resources */ = {
			isa = PBXResourcesBuildPhase;
			buildActionMask = 2147483647;
			files = (
				37B4C08829C273E300EDB4E5 /* LaunchScreen.storyboard in Resources */,
				37B4C09029C2754E00EDB4E5 /* GoogleService-Info.plist in Resources */,
				37B4C08529C273E300EDB4E5 /* Assets.xcassets in Resources */,
				37B4C08329C273E100EDB4E5 /* Main.storyboard in Resources */,
			);
			runOnlyForDeploymentPostprocessing = 0;
		};
/* End PBXResourcesBuildPhase section */

/* Begin PBXSourcesBuildPhase section */
		37B4C07429C273E100EDB4E5 /* Sources */ = {
			isa = PBXSourcesBuildPhase;
			buildActionMask = 2147483647;
			files = (
				37B4C07C29C273E100EDB4E5 /* AppDelegate.swift in Sources */,
				37B4C07E29C273E100EDB4E5 /* SceneDelegate.swift in Sources */,
				3793455029C9373300376A17 /* SettingCell.swift in Sources */,
				3793454D29C4F49200376A17 /* SettingsViewController.swift in Sources */,
				37B4C09B29C3D14400EDB4E5 /* UIViewController+Extensions.swift in Sources */,
				3793455229C9374E00376A17 /* NavigationCell.swift in Sources */,
				3793455A29CA794C00376A17 /* EmailVerifyViewController.swift in Sources */,
				37B4C09D29C3DA6C00EDB4E5 /* MainViewController.swift in Sources */,
				37B4C09729C27F4100EDB4E5 /* LoginViewController.swift in Sources */,
				3793455E29CCBE4200376A17 /* PasswordResetViewController.swift in Sources */,
				3793455629C937BE00376A17 /* SwitchCell.swift in Sources */,
				3793455C29CCB30F00376A17 /* UIFont+Extensions.swift in Sources */,
				37B4C09929C34B3300EDB4E5 /* RegisterViewController.swift in Sources */,
				3793455829C93B9000376A17 /* ButtonCell.swift in Sources */,
			);
			runOnlyForDeploymentPostprocessing = 0;
		};
/* End PBXSourcesBuildPhase section */

/* Begin PBXVariantGroup section */
		37B4C08129C273E100EDB4E5 /* Main.storyboard */ = {
			isa = PBXVariantGroup;
			children = (
				37B4C08229C273E100EDB4E5 /* Base */,
			);
			name = Main.storyboard;
			sourceTree = "<group>";
		};
		37B4C08629C273E300EDB4E5 /* LaunchScreen.storyboard */ = {
			isa = PBXVariantGroup;
			children = (
				37B4C08729C273E300EDB4E5 /* Base */,
			);
			name = LaunchScreen.storyboard;
			sourceTree = "<group>";
		};
/* End PBXVariantGroup section */

/* Begin XCBuildConfiguration section */
		37B4C08A29C273E300EDB4E5 /* Debug */ = {
			isa = XCBuildConfiguration;
			buildSettings = {
				ALWAYS_SEARCH_USER_PATHS = NO;
				CLANG_ANALYZER_NONNULL = YES;
				CLANG_ANALYZER_NUMBER_OBJECT_CONVERSION = YES_AGGRESSIVE;
				CLANG_CXX_LANGUAGE_STANDARD = "gnu++20";
				CLANG_ENABLE_MODULES = YES;
				CLANG_ENABLE_OBJC_ARC = YES;
				CLANG_ENABLE_OBJC_WEAK = YES;
				CLANG_WARN_BLOCK_CAPTURE_AUTORELEASING = YES;
				CLANG_WARN_BOOL_CONVERSION = YES;
				CLANG_WARN_COMMA = YES;
				CLANG_WARN_CONSTANT_CONVERSION = YES;
				CLANG_WARN_DEPRECATED_OBJC_IMPLEMENTATIONS = YES;
				CLANG_WARN_DIRECT_OBJC_ISA_USAGE = YES_ERROR;
				CLANG_WARN_DOCUMENTATION_COMMENTS = YES;
				CLANG_WARN_EMPTY_BODY = YES;
				CLANG_WARN_ENUM_CONVERSION = YES;
				CLANG_WARN_INFINITE_RECURSION = YES;
				CLANG_WARN_INT_CONVERSION = YES;
				CLANG_WARN_NON_LITERAL_NULL_CONVERSION = YES;
				CLANG_WARN_OBJC_IMPLICIT_RETAIN_SELF = YES;
				CLANG_WARN_OBJC_LITERAL_CONVERSION = YES;
				CLANG_WARN_OBJC_ROOT_CLASS = YES_ERROR;
				CLANG_WARN_QUOTED_INCLUDE_IN_FRAMEWORK_HEADER = YES;
				CLANG_WARN_RANGE_LOOP_ANALYSIS = YES;
				CLANG_WARN_STRICT_PROTOTYPES = YES;
				CLANG_WARN_SUSPICIOUS_MOVE = YES;
				CLANG_WARN_UNGUARDED_AVAILABILITY = YES_AGGRESSIVE;
				CLANG_WARN_UNREACHABLE_CODE = YES;
				CLANG_WARN__DUPLICATE_METHOD_MATCH = YES;
				COPY_PHASE_STRIP = NO;
				DEBUG_INFORMATION_FORMAT = dwarf;
				ENABLE_STRICT_OBJC_MSGSEND = YES;
				ENABLE_TESTABILITY = YES;
				GCC_C_LANGUAGE_STANDARD = gnu11;
				GCC_DYNAMIC_NO_PIC = NO;
				GCC_NO_COMMON_BLOCKS = YES;
				GCC_OPTIMIZATION_LEVEL = 0;
				GCC_PREPROCESSOR_DEFINITIONS = (
					"DEBUG=1",
					"$(inherited)",
				);
				GCC_WARN_64_TO_32_BIT_CONVERSION = YES;
				GCC_WARN_ABOUT_RETURN_TYPE = YES_ERROR;
				GCC_WARN_UNDECLARED_SELECTOR = YES;
				GCC_WARN_UNINITIALIZED_AUTOS = YES_AGGRESSIVE;
				GCC_WARN_UNUSED_FUNCTION = YES;
				GCC_WARN_UNUSED_VARIABLE = YES;
				IPHONEOS_DEPLOYMENT_TARGET = 16.2;
				MTL_ENABLE_DEBUG_INFO = INCLUDE_SOURCE;
				MTL_FAST_MATH = YES;
				ONLY_ACTIVE_ARCH = YES;
				SDKROOT = iphoneos;
				SWIFT_ACTIVE_COMPILATION_CONDITIONS = DEBUG;
				SWIFT_OPTIMIZATION_LEVEL = "-Onone";
			};
			name = Debug;
		};
		37B4C08B29C273E300EDB4E5 /* Release */ = {
			isa = XCBuildConfiguration;
			buildSettings = {
				ALWAYS_SEARCH_USER_PATHS = NO;
				CLANG_ANALYZER_NONNULL = YES;
				CLANG_ANALYZER_NUMBER_OBJECT_CONVERSION = YES_AGGRESSIVE;
				CLANG_CXX_LANGUAGE_STANDARD = "gnu++20";
				CLANG_ENABLE_MODULES = YES;
				CLANG_ENABLE_OBJC_ARC = YES;
				CLANG_ENABLE_OBJC_WEAK = YES;
				CLANG_WARN_BLOCK_CAPTURE_AUTORELEASING = YES;
				CLANG_WARN_BOOL_CONVERSION = YES;
				CLANG_WARN_COMMA = YES;
				CLANG_WARN_CONSTANT_CONVERSION = YES;
				CLANG_WARN_DEPRECATED_OBJC_IMPLEMENTATIONS = YES;
				CLANG_WARN_DIRECT_OBJC_ISA_USAGE = YES_ERROR;
				CLANG_WARN_DOCUMENTATION_COMMENTS = YES;
				CLANG_WARN_EMPTY_BODY = YES;
				CLANG_WARN_ENUM_CONVERSION = YES;
				CLANG_WARN_INFINITE_RECURSION = YES;
				CLANG_WARN_INT_CONVERSION = YES;
				CLANG_WARN_NON_LITERAL_NULL_CONVERSION = YES;
				CLANG_WARN_OBJC_IMPLICIT_RETAIN_SELF = YES;
				CLANG_WARN_OBJC_LITERAL_CONVERSION = YES;
				CLANG_WARN_OBJC_ROOT_CLASS = YES_ERROR;
				CLANG_WARN_QUOTED_INCLUDE_IN_FRAMEWORK_HEADER = YES;
				CLANG_WARN_RANGE_LOOP_ANALYSIS = YES;
				CLANG_WARN_STRICT_PROTOTYPES = YES;
				CLANG_WARN_SUSPICIOUS_MOVE = YES;
				CLANG_WARN_UNGUARDED_AVAILABILITY = YES_AGGRESSIVE;
				CLANG_WARN_UNREACHABLE_CODE = YES;
				CLANG_WARN__DUPLICATE_METHOD_MATCH = YES;
				COPY_PHASE_STRIP = NO;
				DEBUG_INFORMATION_FORMAT = "dwarf-with-dsym";
				ENABLE_NS_ASSERTIONS = NO;
				ENABLE_STRICT_OBJC_MSGSEND = YES;
				GCC_C_LANGUAGE_STANDARD = gnu11;
				GCC_NO_COMMON_BLOCKS = YES;
				GCC_WARN_64_TO_32_BIT_CONVERSION = YES;
				GCC_WARN_ABOUT_RETURN_TYPE = YES_ERROR;
				GCC_WARN_UNDECLARED_SELECTOR = YES;
				GCC_WARN_UNINITIALIZED_AUTOS = YES_AGGRESSIVE;
				GCC_WARN_UNUSED_FUNCTION = YES;
				GCC_WARN_UNUSED_VARIABLE = YES;
				IPHONEOS_DEPLOYMENT_TARGET = 16.2;
				MTL_ENABLE_DEBUG_INFO = NO;
				MTL_FAST_MATH = YES;
				SDKROOT = iphoneos;
				SWIFT_COMPILATION_MODE = wholemodule;
				SWIFT_OPTIMIZATION_LEVEL = "-O";
				VALIDATE_PRODUCT = YES;
			};
			name = Release;
		};
		37B4C08D29C273E300EDB4E5 /* Debug */ = {
			isa = XCBuildConfiguration;
			buildSettings = {
				ASSETCATALOG_COMPILER_APPICON_NAME = AppIcon;
				ASSETCATALOG_COMPILER_GLOBAL_ACCENT_COLOR_NAME = AccentColor;
				CODE_SIGN_STYLE = Automatic;
				CURRENT_PROJECT_VERSION = 1;
				DEVELOPMENT_TEAM = L6B3W3NNQ3;
				GENERATE_INFOPLIST_FILE = YES;
				INFOPLIST_FILE = FirebaseLoginChat/Info.plist;
				INFOPLIST_KEY_UIApplicationSupportsIndirectInputEvents = YES;
				INFOPLIST_KEY_UILaunchStoryboardName = LaunchScreen;
				INFOPLIST_KEY_UISupportedInterfaceOrientations_iPad = "UIInterfaceOrientationPortrait UIInterfaceOrientationPortraitUpsideDown UIInterfaceOrientationLandscapeLeft UIInterfaceOrientationLandscapeRight";
				INFOPLIST_KEY_UISupportedInterfaceOrientations_iPhone = "UIInterfaceOrientationPortrait UIInterfaceOrientationLandscapeLeft UIInterfaceOrientationLandscapeRight";
				LD_RUNPATH_SEARCH_PATHS = (
					"$(inherited)",
					"@executable_path/Frameworks",
				);
				MARKETING_VERSION = 1.0;
				PRODUCT_BUNDLE_IDENTIFIER = pedroesli.FirebaseLoginChat;
				PRODUCT_NAME = "$(TARGET_NAME)";
				SWIFT_EMIT_LOC_STRINGS = YES;
				SWIFT_VERSION = 5.0;
				TARGETED_DEVICE_FAMILY = "1,2";
			};
			name = Debug;
		};
		37B4C08E29C273E300EDB4E5 /* Release */ = {
			isa = XCBuildConfiguration;
			buildSettings = {
				ASSETCATALOG_COMPILER_APPICON_NAME = AppIcon;
				ASSETCATALOG_COMPILER_GLOBAL_ACCENT_COLOR_NAME = AccentColor;
				CODE_SIGN_STYLE = Automatic;
				CURRENT_PROJECT_VERSION = 1;
				DEVELOPMENT_TEAM = L6B3W3NNQ3;
				GENERATE_INFOPLIST_FILE = YES;
				INFOPLIST_FILE = FirebaseLoginChat/Info.plist;
				INFOPLIST_KEY_UIApplicationSupportsIndirectInputEvents = YES;
				INFOPLIST_KEY_UILaunchStoryboardName = LaunchScreen;
				INFOPLIST_KEY_UISupportedInterfaceOrientations_iPad = "UIInterfaceOrientationPortrait UIInterfaceOrientationPortraitUpsideDown UIInterfaceOrientationLandscapeLeft UIInterfaceOrientationLandscapeRight";
				INFOPLIST_KEY_UISupportedInterfaceOrientations_iPhone = "UIInterfaceOrientationPortrait UIInterfaceOrientationLandscapeLeft UIInterfaceOrientationLandscapeRight";
				LD_RUNPATH_SEARCH_PATHS = (
					"$(inherited)",
					"@executable_path/Frameworks",
				);
				MARKETING_VERSION = 1.0;
				PRODUCT_BUNDLE_IDENTIFIER = pedroesli.FirebaseLoginChat;
				PRODUCT_NAME = "$(TARGET_NAME)";
				SWIFT_EMIT_LOC_STRINGS = YES;
				SWIFT_VERSION = 5.0;
				TARGETED_DEVICE_FAMILY = "1,2";
			};
			name = Release;
		};
/* End XCBuildConfiguration section */

/* Begin XCConfigurationList section */
		37B4C07329C273E100EDB4E5 /* Build configuration list for PBXProject "FirebaseLoginChat" */ = {
			isa = XCConfigurationList;
			buildConfigurations = (
				37B4C08A29C273E300EDB4E5 /* Debug */,
				37B4C08B29C273E300EDB4E5 /* Release */,
			);
			defaultConfigurationIsVisible = 0;
			defaultConfigurationName = Release;
		};
		37B4C08C29C273E300EDB4E5 /* Build configuration list for PBXNativeTarget "FirebaseLoginChat" */ = {
			isa = XCConfigurationList;
			buildConfigurations = (
				37B4C08D29C273E300EDB4E5 /* Debug */,
				37B4C08E29C273E300EDB4E5 /* Release */,
			);
			defaultConfigurationIsVisible = 0;
			defaultConfigurationName = Release;
		};
/* End XCConfigurationList section */

/* Begin XCRemoteSwiftPackageReference section */
		37B4C09129C278B100EDB4E5 /* XCRemoteSwiftPackageReference "firebase-ios-sdk" */ = {
			isa = XCRemoteSwiftPackageReference;
			repositoryURL = "https://github.com/firebase/firebase-ios-sdk";
			requirement = {
				kind = upToNextMajorVersion;
				minimumVersion = 9.0.0;
			};
		};
/* End XCRemoteSwiftPackageReference section */

/* Begin XCSwiftPackageProductDependency section */
		37B4C09229C278B100EDB4E5 /* FirebaseAuth */ = {
			isa = XCSwiftPackageProductDependency;
			package = 37B4C09129C278B100EDB4E5 /* XCRemoteSwiftPackageReference "firebase-ios-sdk" */;
			productName = FirebaseAuth;
		};
		37B4C09429C278B100EDB4E5 /* FirebaseDatabase */ = {
			isa = XCSwiftPackageProductDependency;
			package = 37B4C09129C278B100EDB4E5 /* XCRemoteSwiftPackageReference "firebase-ios-sdk" */;
			productName = FirebaseDatabase;
		};
/* End XCSwiftPackageProductDependency section */
	};
	rootObject = 37B4C07029C273E100EDB4E5 /* Project object */;
}
